
Microsoft Visual Studio Solution File, Format Version 12.00
# Visual Studio 14
VisualStudioVersion = 14.0.25420.1
MinimumVisualStudioVersion = 10.0.40219.1
Project("{FAE04EC0-301F-11D3-BF4B-00C04F79EFBC}") = "Presentacion", "Presentacion\Presentacion.csproj", "{5D4020E6-779F-414F-A14E-94DE4608F325}"
EndProject
Project("{FAE04EC0-301F-11D3-BF4B-00C04F79EFBC}") = "Datos", "Datos1\Datos.csproj", "{C9199738-13D5-4B13-AAF4-9E40DB2F6F38}"
EndProject
Project("{FAE04EC0-301F-11D3-BF4B-00C04F79EFBC}") = "Logica", "Logica1\Logica.csproj", "{6617AF79-391A-4C5A-A450-EDDDE4E0B4E7}"
EndProject
Global
	GlobalSection(SolutionConfigurationPlatforms) = preSolution
		Debug|Any CPU = Debug|Any CPU
		Release|Any CPU = Release|Any CPU
	EndGlobalSection
	GlobalSection(ProjectConfigurationPlatforms) = postSolution
		{5D4020E6-779F-414F-A14E-94DE4608F325}.Debug|Any CPU.ActiveCfg = Debug|Any CPU
		{5D4020E6-779F-414F-A14E-94DE4608F325}.Debug|Any CPU.Build.0 = Debug|Any CPU
		{5D4020E6-779F-414F-A14E-94DE4608F325}.Release|Any CPU.ActiveCfg = Release|Any CPU
		{5D4020E6-779F-414F-A14E-94DE4608F325}.Release|Any CPU.Build.0 = Release|Any CPU
		{C9199738-13D5-4B13-AAF4-9E40DB2F6F38}.Debug|Any CPU.ActiveCfg = Debug|Any CPU
		{C9199738-13D5-4B13-AAF4-9E40DB2F6F38}.Debug|Any CPU.Build.0 = Debug|Any CPU
		{C9199738-13D5-4B13-AAF4-9E40DB2F6F38}.Release|Any CPU.ActiveCfg = Release|Any CPU
		{C9199738-13D5-4B13-AAF4-9E40DB2F6F38}.Release|Any CPU.Build.0 = Release|Any CPU
		{6617AF79-391A-4C5A-A450-EDDDE4E0B4E7}.Debug|Any CPU.ActiveCfg = Debug|Any CPU
		{6617AF79-391A-4C5A-A450-EDDDE4E0B4E7}.Debug|Any CPU.Build.0 = Debug|Any CPU
		{6617AF79-391A-4C5A-A450-EDDDE4E0B4E7}.Release|Any CPU.ActiveCfg = Release|Any CPU
		{6617AF79-391A-4C5A-A450-EDDDE4E0B4E7}.Release|Any CPU.Build.0 = Release|Any CPU
	EndGlobalSection
	GlobalSection(SolutionProperties) = preSolution
		HideSolutionNode = FALSE
	EndGlobalSection
EndGlobal
